
Microsoft Visual Studio Solution File, Format Version 12.00
# Visual Studio 15
VisualStudioVersion = 15.0.28307.852
MinimumVisualStudioVersion = 10.0.40219.1
Project("{FAE04EC0-301F-11D3-BF4B-00C04F79EFBC}") = "HelloWorld", "HelloWorld\HelloWorld.csproj", "{348ED121-20DA-4CF4-B2D6-08D4EFDC62AB}"
EndProject
Global
	GlobalSection(SolutionConfigurationPlatforms) = preSolution
		Debug|Any CPU = Debug|Any CPU
		Release|Any CPU = Release|Any CPU
	EndGlobalSection
	GlobalSection(ProjectConfigurationPlatforms) = postSolution
		{348ED121-20DA-4CF4-B2D6-08D4EFDC62AB}.Debug|Any CPU.ActiveCfg = Debug|Any CPU
		{348ED121-20DA-4CF4-B2D6-08D4EFDC62AB}.Debug|Any CPU.Build.0 = Debug|Any CPU
		{348ED121-20DA-4CF4-B2D6-08D4EFDC62AB}.Release|Any CPU.ActiveCfg = Release|Any CPU
		{348ED121-20DA-4CF4-B2D6-08D4EFDC62AB}.Release|Any CPU.Build.0 = Release|Any CPU
	EndGlobalSection
	GlobalSection(SolutionProperties) = preSolution
		HideSolutionNode = FALSE
	EndGlobalSection
	GlobalSection(ExtensibilityGlobals) = postSolution
		SolutionGuid = {0B79A853-D41A-4CED-B05D-EE25148513D9}
	EndGlobalSection
EndGlobal
